<?xml version="1.0" encoding="UTF-8"?>
<CodeBlocks_project_file>
	<FileVersion major="1" minor="6"/>
	<Project>
		<Option title="MQTT-C"/>
		<Option makefile_is_custom="1"/>
		<Option compiler="gcc"/>
		<Option virtualFolders="CMake Files\;"/>
		<Build>
			<Target title="all">
				<Option working_dir="/home/anony/Scrivania/Progetto granelli/clients/C_impl/MQTT-C-master"/>
				<Option type="4"/>
				<MakeCommands>
					<Build command="/usr/bin/make -f &quot;/home/anony/Scrivania/Progetto\ granelli/clients/C_impl/MQTT-C-master/Makefile&quot;  VERBOSE=1 all"/>
					<CompileFile command="/usr/bin/make -f &quot;/home/anony/Scrivania/Progetto\ granelli/clients/C_impl/MQTT-C-master/Makefile&quot;  VERBOSE=1 &quot;$file&quot;"/>
					<Clean command="/usr/bin/make -f &quot;/home/anony/Scrivania/Progetto\ granelli/clients/C_impl/MQTT-C-master/Makefile&quot;  VERBOSE=1 clean"/>
					<DistClean command="/usr/bin/make -f &quot;/home/anony/Scrivania/Progetto\ granelli/clients/C_impl/MQTT-C-master/Makefile&quot;  VERBOSE=1 clean"/>
				</MakeCommands>
			</Target>
			<Target title="install/local">
				<Option working_dir="/home/anony/Scrivania/Progetto granelli/clients/C_impl/MQTT-C-master"/>
				<Option type="4"/>
				<MakeCommands>
					<Build command="/usr/bin/make -f &quot;/home/anony/Scrivania/Progetto\ granelli/clients/C_impl/MQTT-C-master/Makefile&quot;  VERBOSE=1 install/local"/>
					<CompileFile command="/usr/bin/make -f &quot;/home/anony/Scrivania/Progetto\ granelli/clients/C_impl/MQTT-C-master/Makefile&quot;  VERBOSE=1 &quot;$file&quot;"/>
					<Clean command="/usr/bin/make -f &quot;/home/anony/Scrivania/Progetto\ granelli/clients/C_impl/MQTT-C-master/Makefile&quot;  VERBOSE=1 clean"/>
					<DistClean command="/usr/bin/make -f &quot;/home/anony/Scrivania/Progetto\ granelli/clients/C_impl/MQTT-C-master/Makefile&quot;  VERBOSE=1 clean"/>
				</MakeCommands>
			</Target>
			<Target title="install/strip">
				<Option working_dir="/home/anony/Scrivania/Progetto granelli/clients/C_impl/MQTT-C-master"/>
				<Option type="4"/>
				<MakeCommands>
					<Build command="/usr/bin/make -f &quot;/home/anony/Scrivania/Progetto\ granelli/clients/C_impl/MQTT-C-master/Makefile&quot;  VERBOSE=1 install/strip"/>
					<CompileFile command="/usr/bin/make -f &quot;/home/anony/Scrivania/Progetto\ granelli/clients/C_impl/MQTT-C-master/Makefile&quot;  VERBOSE=1 &quot;$file&quot;"/>
					<Clean command="/usr/bin/make -f &quot;/home/anony/Scrivania/Progetto\ granelli/clients/C_impl/MQTT-C-master/Makefile&quot;  VERBOSE=1 clean"/>
					<DistClean command="/usr/bin/make -f &quot;/home/anony/Scrivania/Progetto\ granelli/clients/C_impl/MQTT-C-master/Makefile&quot;  VERBOSE=1 clean"/>
				</MakeCommands>
			</Target>
			<Target title="simple_publisher">
				<Option output="/home/anony/Scrivania/Progetto granelli/clients/C_impl/MQTT-C-master/simple_publisher" prefix_auto="0" extension_auto="0"/>
				<Option working_dir="/home/anony/Scrivania/Progetto granelli/clients/C_impl/MQTT-C-master"/>
				<Option object_output="./"/>
				<Option type="1"/>
				<Option compiler="gcc"/>
				<Compiler>
					<Add directory="/home/anony/Scrivania/Progetto granelli/clients/C_impl/MQTT-C-master/include"/>
				</Compiler>
				<MakeCommands>
					<Build command="/usr/bin/make -f &quot;/home/anony/Scrivania/Progetto\ granelli/clients/C_impl/MQTT-C-master/Makefile&quot;  VERBOSE=1 simple_publisher"/>
					<CompileFile command="/usr/bin/make -f &quot;/home/anony/Scrivania/Progetto\ granelli/clients/C_impl/MQTT-C-master/Makefile&quot;  VERBOSE=1 &quot;$file&quot;"/>
					<Clean command="/usr/bin/make -f &quot;/home/anony/Scrivania/Progetto\ granelli/clients/C_impl/MQTT-C-master/Makefile&quot;  VERBOSE=1 clean"/>
					<DistClean command="/usr/bin/make -f &quot;/home/anony/Scrivania/Progetto\ granelli/clients/C_impl/MQTT-C-master/Makefile&quot;  VERBOSE=1 clean"/>
				</MakeCommands>
			</Target>
			<Target title="simple_publisher/fast">
				<Option output="/home/anony/Scrivania/Progetto granelli/clients/C_impl/MQTT-C-master/simple_publisher" prefix_auto="0" extension_auto="0"/>
				<Option working_dir="/home/anony/Scrivania/Progetto granelli/clients/C_impl/MQTT-C-master"/>
				<Option object_output="./"/>
				<Option type="1"/>
				<Option compiler="gcc"/>
				<Compiler>
					<Add directory="/home/anony/Scrivania/Progetto granelli/clients/C_impl/MQTT-C-master/include"/>
				</Compiler>
				<MakeCommands>
					<Build command="/usr/bin/make -f &quot;/home/anony/Scrivania/Progetto\ granelli/clients/C_impl/MQTT-C-master/Makefile&quot;  VERBOSE=1 simple_publisher/fast"/>
					<CompileFile command="/usr/bin/make -f &quot;/home/anony/Scrivania/Progetto\ granelli/clients/C_impl/MQTT-C-master/Makefile&quot;  VERBOSE=1 &quot;$file&quot;"/>
					<Clean command="/usr/bin/make -f &quot;/home/anony/Scrivania/Progetto\ granelli/clients/C_impl/MQTT-C-master/Makefile&quot;  VERBOSE=1 clean"/>
					<DistClean command="/usr/bin/make -f &quot;/home/anony/Scrivania/Progetto\ granelli/clients/C_impl/MQTT-C-master/Makefile&quot;  VERBOSE=1 clean"/>
				</MakeCommands>
			</Target>
			<Target title="edit_cache">
				<Option working_dir="/home/anony/Scrivania/Progetto granelli/clients/C_impl/MQTT-C-master"/>
				<Option type="4"/>
				<MakeCommands>
					<Build command="/usr/bin/make -f &quot;/home/anony/Scrivania/Progetto\ granelli/clients/C_impl/MQTT-C-master/Makefile&quot;  VERBOSE=1 edit_cache"/>
					<CompileFile command="/usr/bin/make -f &quot;/home/anony/Scrivania/Progetto\ granelli/clients/C_impl/MQTT-C-master/Makefile&quot;  VERBOSE=1 &quot;$file&quot;"/>
					<Clean command="/usr/bin/make -f &quot;/home/anony/Scrivania/Progetto\ granelli/clients/C_impl/MQTT-C-master/Makefile&quot;  VERBOSE=1 clean"/>
					<DistClean command="/usr/bin/make -f &quot;/home/anony/Scrivania/Progetto\ granelli/clients/C_impl/MQTT-C-master/Makefile&quot;  VERBOSE=1 clean"/>
				</MakeCommands>
			</Target>
			<Target title="mqttc">
				<Option output="/home/anony/Scrivania/Progetto granelli/clients/C_impl/MQTT-C-master/libmqttc.a" prefix_auto="0" extension_auto="0"/>
				<Option working_dir="/home/anony/Scrivania/Progetto granelli/clients/C_impl/MQTT-C-master"/>
				<Option object_output="./"/>
				<Option type="2"/>
				<Option compiler="gcc"/>
				<Compiler>
					<Add directory="/home/anony/Scrivania/Progetto granelli/clients/C_impl/MQTT-C-master/include"/>
				</Compiler>
				<MakeCommands>
					<Build command="/usr/bin/make -f &quot;/home/anony/Scrivania/Progetto\ granelli/clients/C_impl/MQTT-C-master/Makefile&quot;  VERBOSE=1 mqttc"/>
					<CompileFile command="/usr/bin/make -f &quot;/home/anony/Scrivania/Progetto\ granelli/clients/C_impl/MQTT-C-master/Makefile&quot;  VERBOSE=1 &quot;$file&quot;"/>
					<Clean command="/usr/bin/make -f &quot;/home/anony/Scrivania/Progetto\ granelli/clients/C_impl/MQTT-C-master/Makefile&quot;  VERBOSE=1 clean"/>
					<DistClean command="/usr/bin/make -f &quot;/home/anony/Scrivania/Progetto\ granelli/clients/C_impl/MQTT-C-master/Makefile&quot;  VERBOSE=1 clean"/>
				</MakeCommands>
			</Target>
			<Target title="mqttc/fast">
				<Option output="/home/anony/Scrivania/Progetto granelli/clients/C_impl/MQTT-C-master/libmqttc.a" prefix_auto="0" extension_auto="0"/>
				<Option working_dir="/home/anony/Scrivania/Progetto granelli/clients/C_impl/MQTT-C-master"/>
				<Option object_output="./"/>
				<Option type="2"/>
				<Option compiler="gcc"/>
				<Compiler>
					<Add directory="/home/anony/Scrivania/Progetto granelli/clients/C_impl/MQTT-C-master/include"/>
				</Compiler>
				<MakeCommands>
					<Build command="/usr/bin/make -f &quot;/home/anony/Scrivania/Progetto\ granelli/clients/C_impl/MQTT-C-master/Makefile&quot;  VERBOSE=1 mqttc/fast"/>
					<CompileFile command="/usr/bin/make -f &quot;/home/anony/Scrivania/Progetto\ granelli/clients/C_impl/MQTT-C-master/Makefile&quot;  VERBOSE=1 &quot;$file&quot;"/>
					<Clean command="/usr/bin/make -f &quot;/home/anony/Scrivania/Progetto\ granelli/clients/C_impl/MQTT-C-master/Makefile&quot;  VERBOSE=1 clean"/>
					<DistClean command="/usr/bin/make -f &quot;/home/anony/Scrivania/Progetto\ granelli/clients/C_impl/MQTT-C-master/Makefile&quot;  VERBOSE=1 clean"/>
				</MakeCommands>
			</Target>
			<Target title="rebuild_cache">
				<Option working_dir="/home/anony/Scrivania/Progetto granelli/clients/C_impl/MQTT-C-master"/>
				<Option type="4"/>
				<MakeCommands>
					<Build command="/usr/bin/make -f &quot;/home/anony/Scrivania/Progetto\ granelli/clients/C_impl/MQTT-C-master/Makefile&quot;  VERBOSE=1 rebuild_cache"/>
					<CompileFile command="/usr/bin/make -f &quot;/home/anony/Scrivania/Progetto\ granelli/clients/C_impl/MQTT-C-master/Makefile&quot;  VERBOSE=1 &quot;$file&quot;"/>
					<Clean command="/usr/bin/make -f &quot;/home/anony/Scrivania/Progetto\ granelli/clients/C_impl/MQTT-C-master/Makefile&quot;  VERBOSE=1 clean"/>
					<DistClean command="/usr/bin/make -f &quot;/home/anony/Scrivania/Progetto\ granelli/clients/C_impl/MQTT-C-master/Makefile&quot;  VERBOSE=1 clean"/>
				</MakeCommands>
			</Target>
			<Target title="list_install_components">
				<Option working_dir="/home/anony/Scrivania/Progetto granelli/clients/C_impl/MQTT-C-master"/>
				<Option type="4"/>
				<MakeCommands>
					<Build command="/usr/bin/make -f &quot;/home/anony/Scrivania/Progetto\ granelli/clients/C_impl/MQTT-C-master/Makefile&quot;  VERBOSE=1 list_install_components"/>
					<CompileFile command="/usr/bin/make -f &quot;/home/anony/Scrivania/Progetto\ granelli/clients/C_impl/MQTT-C-master/Makefile&quot;  VERBOSE=1 &quot;$file&quot;"/>
					<Clean command="/usr/bin/make -f &quot;/home/anony/Scrivania/Progetto\ granelli/clients/C_impl/MQTT-C-master/Makefile&quot;  VERBOSE=1 clean"/>
					<DistClean command="/usr/bin/make -f &quot;/home/anony/Scrivania/Progetto\ granelli/clients/C_impl/MQTT-C-master/Makefile&quot;  VERBOSE=1 clean"/>
				</MakeCommands>
			</Target>
			<Target title="install">
				<Option working_dir="/home/anony/Scrivania/Progetto granelli/clients/C_impl/MQTT-C-master"/>
				<Option type="4"/>
				<MakeCommands>
					<Build command="/usr/bin/make -f &quot;/home/anony/Scrivania/Progetto\ granelli/clients/C_impl/MQTT-C-master/Makefile&quot;  VERBOSE=1 install"/>
					<CompileFile command="/usr/bin/make -f &quot;/home/anony/Scrivania/Progetto\ granelli/clients/C_impl/MQTT-C-master/Makefile&quot;  VERBOSE=1 &quot;$file&quot;"/>
					<Clean command="/usr/bin/make -f &quot;/home/anony/Scrivania/Progetto\ granelli/clients/C_impl/MQTT-C-master/Makefile&quot;  VERBOSE=1 clean"/>
					<DistClean command="/usr/bin/make -f &quot;/home/anony/Scrivania/Progetto\ granelli/clients/C_impl/MQTT-C-master/Makefile&quot;  VERBOSE=1 clean"/>
				</MakeCommands>
			</Target>
		</Build>
		<Unit filename="/home/anony/Scrivania/Progetto granelli/clients/C_impl/MQTT-C-master/examples/simple_publisher.c">
			<Option target="simple_publisher"/>
		</Unit>
		<Unit filename="/home/anony/Scrivania/Progetto granelli/clients/C_impl/MQTT-C-master/src/mqtt.c">
			<Option target="mqttc"/>
		</Unit>
		<Unit filename="/home/anony/Scrivania/Progetto granelli/clients/C_impl/MQTT-C-master/src/mqtt_pal.c">
			<Option target="mqttc"/>
		</Unit>
		<Unit filename="/home/anony/Scrivania/Progetto granelli/clients/C_impl/MQTT-C-master/CMakeLists.txt">
			<Option virtualFolder="CMake Files\"/>
		</Unit>
	</Project>
</CodeBlocks_project_file>
